
Microsoft Visual Studio Solution File, Format Version 12.00
# Visual Studio Version 16
VisualStudioVersion = 16.0.29306.81
MinimumVisualStudioVersion = 10.0.40219.1
Project("{FAE04EC0-301F-11D3-BF4B-00C04F79EFBC}") = "CommonDigit", "CommonDigit\CommonDigit.csproj", "{D2431BB3-6A72-4150-B596-1DBC6E639FC0}"
EndProject
Global
	GlobalSection(SolutionConfigurationPlatforms) = preSolution
		Debug|Any CPU = Debug|Any CPU
		Release|Any CPU = Release|Any CPU
	EndGlobalSection
	GlobalSection(ProjectConfigurationPlatforms) = postSolution
		{D2431BB3-6A72-4150-B596-1DBC6E639FC0}.Debug|Any CPU.ActiveCfg = Debug|Any CPU
		{D2431BB3-6A72-4150-B596-1DBC6E639FC0}.Debug|Any CPU.Build.0 = Debug|Any CPU
		{D2431BB3-6A72-4150-B596-1DBC6E639FC0}.Release|Any CPU.ActiveCfg = Release|Any CPU
		{D2431BB3-6A72-4150-B596-1DBC6E639FC0}.Release|Any CPU.Build.0 = Release|Any CPU
	EndGlobalSection
	GlobalSection(SolutionProperties) = preSolution
		HideSolutionNode = FALSE
	EndGlobalSection
	GlobalSection(ExtensibilityGlobals) = postSolution
		SolutionGuid = {B9598FE7-3C5C-4D78-BF46-E223E42C002F}
	EndGlobalSection
EndGlobal
