
Microsoft Visual Studio Solution File, Format Version 12.00
# Visual Studio Version 16
VisualStudioVersion = 16.0.29306.81
MinimumVisualStudioVersion = 10.0.40219.1
Project("{FAE04EC0-301F-11D3-BF4B-00C04F79EFBC}") = "Palindrome", "Palindrome\Palindrome.csproj", "{E7B431C9-3AE7-40A6-9CFA-F18952CFA293}"
EndProject
Global
	GlobalSection(SolutionConfigurationPlatforms) = preSolution
		Debug|Any CPU = Debug|Any CPU
		Release|Any CPU = Release|Any CPU
	EndGlobalSection
	GlobalSection(ProjectConfigurationPlatforms) = postSolution
		{E7B431C9-3AE7-40A6-9CFA-F18952CFA293}.Debug|Any CPU.ActiveCfg = Debug|Any CPU
		{E7B431C9-3AE7-40A6-9CFA-F18952CFA293}.Debug|Any CPU.Build.0 = Debug|Any CPU
		{E7B431C9-3AE7-40A6-9CFA-F18952CFA293}.Release|Any CPU.ActiveCfg = Release|Any CPU
		{E7B431C9-3AE7-40A6-9CFA-F18952CFA293}.Release|Any CPU.Build.0 = Release|Any CPU
	EndGlobalSection
	GlobalSection(SolutionProperties) = preSolution
		HideSolutionNode = FALSE
	EndGlobalSection
	GlobalSection(ExtensibilityGlobals) = postSolution
		SolutionGuid = {D83A0D4B-0D8F-4946-984F-DC30218F3C03}
	EndGlobalSection
EndGlobal
