
Microsoft Visual Studio Solution File, Format Version 12.00
# Visual Studio Version 16
VisualStudioVersion = 16.0.29306.81
MinimumVisualStudioVersion = 10.0.40219.1
Project("{FAE04EC0-301F-11D3-BF4B-00C04F79EFBC}") = "ReverseArray", "ReverseArray\ReverseArray.csproj", "{6F1A76F0-67D2-4136-9D9D-15ED036C62A2}"
EndProject
Global
	GlobalSection(SolutionConfigurationPlatforms) = preSolution
		Debug|Any CPU = Debug|Any CPU
		Release|Any CPU = Release|Any CPU
	EndGlobalSection
	GlobalSection(ProjectConfigurationPlatforms) = postSolution
		{6F1A76F0-67D2-4136-9D9D-15ED036C62A2}.Debug|Any CPU.ActiveCfg = Debug|Any CPU
		{6F1A76F0-67D2-4136-9D9D-15ED036C62A2}.Debug|Any CPU.Build.0 = Debug|Any CPU
		{6F1A76F0-67D2-4136-9D9D-15ED036C62A2}.Release|Any CPU.ActiveCfg = Release|Any CPU
		{6F1A76F0-67D2-4136-9D9D-15ED036C62A2}.Release|Any CPU.Build.0 = Release|Any CPU
	EndGlobalSection
	GlobalSection(SolutionProperties) = preSolution
		HideSolutionNode = FALSE
	EndGlobalSection
	GlobalSection(ExtensibilityGlobals) = postSolution
		SolutionGuid = {B6366A10-4CE8-42A3-9244-783B07030E5A}
	EndGlobalSection
EndGlobal
